
Microsoft Visual Studio Solution File, Format Version 12.00
# Visual Studio Version 17
VisualStudioVersion = 17.6.33723.286
MinimumVisualStudioVersion = 10.0.40219.1
Project("{FAE04EC0-301F-11D3-BF4B-00C04F79EFBC}") = "ProjectMarsQA", "ProjectMarsQA\ProjectMarsQA.csproj", "{58EE0CD1-F86E-4047-8274-AF94AB262AE7}"
EndProject
Global
	GlobalSection(SolutionConfigurationPlatforms) = preSolution
		Debug|Any CPU = Debug|Any CPU
		Release|Any CPU = Release|Any CPU
	EndGlobalSection
	GlobalSection(ProjectConfigurationPlatforms) = postSolution
		{58EE0CD1-F86E-4047-8274-AF94AB262AE7}.Debug|Any CPU.ActiveCfg = Debug|Any CPU
		{58EE0CD1-F86E-4047-8274-AF94AB262AE7}.Debug|Any CPU.Build.0 = Debug|Any CPU
		{58EE0CD1-F86E-4047-8274-AF94AB262AE7}.Release|Any CPU.ActiveCfg = Release|Any CPU
		{58EE0CD1-F86E-4047-8274-AF94AB262AE7}.Release|Any CPU.Build.0 = Release|Any CPU
	EndGlobalSection
	GlobalSection(SolutionProperties) = preSolution
		HideSolutionNode = FALSE
	EndGlobalSection
	GlobalSection(ExtensibilityGlobals) = postSolution
		SolutionGuid = {854D84D4-E0CA-4AB2-B83B-8B399867075B}
	EndGlobalSection
EndGlobal
